// !$*UTF8*$!
{
	archiveVersion = 1;
	classes = {
	};
	objectVersion = 48;
	objects = {

/* Begin PBXBuildFile section */
		710BEAB81FD7FB230074F891 /* AppDelegate.swift in Sources */ = {isa = PBXBuildFile; fileRef = 710BEAB71FD7FB230074F891 /* AppDelegate.swift */; };
		710BEABA1FD7FB230074F891 /* ViewController.swift in Sources */ = {isa = PBXBuildFile; fileRef = 710BEAB91FD7FB230074F891 /* ViewController.swift */; };
		710BEABD1FD7FB230074F891 /* Main.storyboard in Resources */ = {isa = PBXBuildFile; fileRef = 710BEABB1FD7FB230074F891 /* Main.storyboard */; };
		710BEABF1FD7FB230074F891 /* Assets.xcassets in Resources */ = {isa = PBXBuildFile; fileRef = 710BEABE1FD7FB230074F891 /* Assets.xcassets */; };
		710BEAC21FD7FB230074F891 /* LaunchScreen.storyboard in Resources */ = {isa = PBXBuildFile; fileRef = 710BEAC01FD7FB230074F891 /* LaunchScreen.storyboard */; };
		710BEACD1FD7FB230074F891 /* socialshareTests.swift in Sources */ = {isa = PBXBuildFile; fileRef = 710BEACC1FD7FB230074F891 /* socialshareTests.swift */; };
		710BEAD81FD7FB230074F891 /* socialshareUITests.swift in Sources */ = {isa = PBXBuildFile; fileRef = 710BEAD71FD7FB230074F891 /* socialshareUITests.swift */; };
		710BEAE71FD7FBFB0074F891 /* Social.framework in Frameworks */ = {isa = PBXBuildFile; fileRef = 710BEAE61FD7FBFB0074F891 /* Social.framework */; };
/* End PBXBuildFile section */

/* Begin PBXContainerItemProxy section */
		710BEAC91FD7FB230074F891 /* PBXContainerItemProxy */ = {
			isa = PBXContainerItemProxy;
			containerPortal = 710BEAAC1FD7FB230074F891 /* Project object */;
			proxyType = 1;
			remoteGlobalIDString = 710BEAB31FD7FB230074F891;
			remoteInfo = socialshare;
		};
		710BEAD41FD7FB230074F891 /* PBXContainerItemProxy */ = {
			isa = PBXContainerItemProxy;
			containerPortal = 710BEAAC1FD7FB230074F891 /* Project object */;
			proxyType = 1;
			remoteGlobalIDString = 710BEAB31FD7FB230074F891;
			remoteInfo = socialshare;
		};
/* End PBXContainerItemProxy section */

/* Begin PBXFileReference section */
		710BEAB41FD7FB230074F891 /* socialshare.app */ = {isa = PBXFileReference; explicitFileType = wrapper.application; includeInIndex = 0; path = socialshare.app; sourceTree = BUILT_PRODUCTS_DIR; };
		710BEAB71FD7FB230074F891 /* AppDelegate.swift */ = {isa = PBXFileReference; lastKnownFileType = sourcecode.swift; path = AppDelegate.swift; sourceTree = "<group>"; };
		710BEAB91FD7FB230074F891 /* ViewController.swift */ = {isa = PBXFileReference; lastKnownFileType = sourcecode.swift; path = ViewController.swift; sourceTree = "<group>"; };
		710BEABC1FD7FB230074F891 /* Base */ = {isa = PBXFileReference; lastKnownFileType = file.storyboard; name = Base; path = Base.lproj/Main.storyboard; sourceTree = "<group>"; };
		710BEABE1FD7FB230074F891 /* Assets.xcassets */ = {isa = PBXFileReference; lastKnownFileType = folder.assetcatalog; path = Assets.xcassets; sourceTree = "<group>"; };
		710BEAC11FD7FB230074F891 /* Base */ = {isa = PBXFileReference; lastKnownFileType = file.storyboard; name = Base; path = Base.lproj/LaunchScreen.storyboard; sourceTree = "<group>"; };
		710BEAC31FD7FB230074F891 /* Info.plist */ = {isa = PBXFileReference; lastKnownFileType = text.plist.xml; path = Info.plist; sourceTree = "<group>"; };
		710BEAC81FD7FB230074F891 /* socialshareTests.xctest */ = {isa = PBXFileReference; explicitFileType = wrapper.cfbundle; includeInIndex = 0; path = socialshareTests.xctest; sourceTree = BUILT_PRODUCTS_DIR; };
		710BEACC1FD7FB230074F891 /* socialshareTests.swift */ = {isa = PBXFileReference; lastKnownFileType = sourcecode.swift; path = socialshareTests.swift; sourceTree = "<group>"; };
		710BEACE1FD7FB230074F891 /* Info.plist */ = {isa = PBXFileReference; lastKnownFileType = text.plist.xml; path = Info.plist; sourceTree = "<group>"; };
		710BEAD31FD7FB230074F891 /* socialshareUITests.xctest */ = {isa = PBXFileReference; explicitFileType = wrapper.cfbundle; includeInIndex = 0; path = socialshareUITests.xctest; sourceTree = BUILT_PRODUCTS_DIR; };
		710BEAD71FD7FB230074F891 /* socialshareUITests.swift */ = {isa = PBXFileReference; lastKnownFileType = sourcecode.swift; path = socialshareUITests.swift; sourceTree = "<group>"; };
		710BEAD91FD7FB230074F891 /* Info.plist */ = {isa = PBXFileReference; lastKnownFileType = text.plist.xml; path = Info.plist; sourceTree = "<group>"; };
		710BEAE61FD7FBFB0074F891 /* Social.framework */ = {isa = PBXFileReference; lastKnownFileType = wrapper.framework; name = Social.framework; path = System/Library/Frameworks/Social.framework; sourceTree = SDKROOT; };
/* End PBXFileReference section */

/* Begin PBXFrameworksBuildPhase section */
		710BEAB11FD7FB230074F891 /* Frameworks */ = {
			isa = PBXFrameworksBuildPhase;
			buildActionMask = 2147483647;
			files = (
				710BEAE71FD7FBFB0074F891 /* Social.framework in Frameworks */,
			);
			runOnlyForDeploymentPostprocessing = 0;
		};
		710BEAC51FD7FB230074F891 /* Frameworks */ = {
			isa = PBXFrameworksBuildPhase;
			buildActionMask = 2147483647;
			files = (
			);
			runOnlyForDeploymentPostprocessing = 0;
		};
		710BEAD01FD7FB230074F891 /* Frameworks */ = {
			isa = PBXFrameworksBuildPhase;
			buildActionMask = 2147483647;
			files = (
			);
			runOnlyForDeploymentPostprocessing = 0;
		};
/* End PBXFrameworksBuildPhase section */

/* Begin PBXGroup section */
		710BEAAB1FD7FB230074F891 = {
			isa = PBXGroup;
			children = (
				710BEAB61FD7FB230074F891 /* socialshare */,
				710BEACB1FD7FB230074F891 /* socialshareTests */,
				710BEAD61FD7FB230074F891 /* socialshareUITests */,
				710BEAB51FD7FB230074F891 /* Products */,
				710BEAE51FD7FBFB0074F891 /* Frameworks */,
			);
			sourceTree = "<group>";
		};
		710BEAB51FD7FB230074F891 /* Products */ = {
			isa = PBXGroup;
			children = (
				710BEAB41FD7FB230074F891 /* socialshare.app */,
				710BEAC81FD7FB230074F891 /* socialshareTests.xctest */,
				710BEAD31FD7FB230074F891 /* socialshareUITests.xctest */,
			);
			name = Products;
			sourceTree = "<group>";
		};
		710BEAB61FD7FB230074F891 /* socialshare */ = {
			isa = PBXGroup;
			children = (
				710BEAB71FD7FB230074F891 /* AppDelegate.swift */,
				710BEAB91FD7FB230074F891 /* ViewController.swift */,
				710BEABB1FD7FB230074F891 /* Main.storyboard */,
				710BEABE1FD7FB230074F891 /* Assets.xcassets */,
				710BEAC01FD7FB230074F891 /* LaunchScreen.storyboard */,
				710BEAC31FD7FB230074F891 /* Info.plist */,
			);
			path = socialshare;
			sourceTree = "<group>";
		};
		710BEACB1FD7FB230074F891 /* socialshareTests */ = {
			isa = PBXGroup;
			children = (
				710BEACC1FD7FB230074F891 /* socialshareTests.swift */,
				710BEACE1FD7FB230074F891 /* Info.plist */,
			);
			path = socialshareTests;
			sourceTree = "<group>";
		};
		710BEAD61FD7FB230074F891 /* socialshareUITests */ = {
			isa = PBXGroup;
			children = (
				710BEAD71FD7FB230074F891 /* socialshareUITests.swift */,
				710BEAD91FD7FB230074F891 /* Info.plist */,
			);
			path = socialshareUITests;
			sourceTree = "<group>";
		};
		710BEAE51FD7FBFB0074F891 /* Frameworks */ = {
			isa = PBXGroup;
			children = (
				710BEAE61FD7FBFB0074F891 /* Social.framework */,
			);
			name = Frameworks;
			sourceTree = "<group>";
		};
/* End PBXGroup section */

/* Begin PBXNativeTarget section */
		710BEAB31FD7FB230074F891 /* socialshare */ = {
			isa = PBXNativeTarget;
			buildConfigurationList = 710BEADC1FD7FB230074F891 /* Build configuration list for PBXNativeTarget "socialshare" */;
			buildPhases = (
				710BEAB01FD7FB230074F891 /* Sources */,
				710BEAB11FD7FB230074F891 /* Frameworks */,
				710BEAB21FD7FB230074F891 /* Resources */,
			);
			buildRules = (
			);
			dependencies = (
			);
			name = socialshare;
			productName = socialshare;
			productReference = 710BEAB41FD7FB230074F891 /* socialshare.app */;
			productType = "com.apple.product-type.application";
		};
		710BEAC71FD7FB230074F891 /* socialshareTests */ = {
			isa = PBXNativeTarget;
			buildConfigurationList = 710BEADF1FD7FB230074F891 /* Build configuration list for PBXNativeTarget "socialshareTests" */;
			buildPhases = (
				710BEAC41FD7FB230074F891 /* Sources */,
				710BEAC51FD7FB230074F891 /* Frameworks */,
				710BEAC61FD7FB230074F891 /* Resources */,
			);
			buildRules = (
			);
			dependencies = (
				710BEACA1FD7FB230074F891 /* PBXTargetDependency */,
			);
			name = socialshareTests;
			productName = socialshareTests;
			productReference = 710BEAC81FD7FB230074F891 /* socialshareTests.xctest */;
			productType = "com.apple.product-type.bundle.unit-test";
		};
		710BEAD21FD7FB230074F891 /* socialshareUITests */ = {
			isa = PBXNativeTarget;
			buildConfigurationList = 710BEAE21FD7FB230074F891 /* Build configuration list for PBXNativeTarget "socialshareUITests" */;
			buildPhases = (
				710BEACF1FD7FB230074F891 /* Sources */,
				710BEAD01FD7FB230074F891 /* Frameworks */,
				710BEAD11FD7FB230074F891 /* Resources */,
			);
			buildRules = (
			);
			dependencies = (
				710BEAD51FD7FB230074F891 /* PBXTargetDependency */,
			);
			name = socialshareUITests;
			productName = socialshareUITests;
			productReference = 710BEAD31FD7FB230074F891 /* socialshareUITests.xctest */;
			productType = "com.apple.product-type.bundle.ui-testing";
		};
/* End PBXNativeTarget section */

/* Begin PBXProject section */
		710BEAAC1FD7FB230074F891 /* Project object */ = {
			isa = PBXProject;
			attributes = {
				LastSwiftUpdateCheck = 0900;
				LastUpgradeCheck = 0900;
				ORGANIZATIONNAME = "Mattias te Wierik";
				TargetAttributes = {
					710BEAB31FD7FB230074F891 = {
						CreatedOnToolsVersion = 9.0;
						ProvisioningStyle = Automatic;
					};
					710BEAC71FD7FB230074F891 = {
						CreatedOnToolsVersion = 9.0;
						ProvisioningStyle = Automatic;
						TestTargetID = 710BEAB31FD7FB230074F891;
					};
					710BEAD21FD7FB230074F891 = {
						CreatedOnToolsVersion = 9.0;
						ProvisioningStyle = Automatic;
						TestTargetID = 710BEAB31FD7FB230074F891;
					};
				};
			};
			buildConfigurationList = 710BEAAF1FD7FB230074F891 /* Build configuration list for PBXProject "socialshare" */;
			compatibilityVersion = "Xcode 8.0";
			developmentRegion = en;
			hasScannedForEncodings = 0;
			knownRegions = (
				en,
				Base,
			);
			mainGroup = 710BEAAB1FD7FB230074F891;
			productRefGroup = 710BEAB51FD7FB230074F891 /* Products */;
			projectDirPath = "";
			projectRoot = "";
			targets = (
				710BEAB31FD7FB230074F891 /* socialshare */,
				710BEAC71FD7FB230074F891 /* socialshareTests */,
				710BEAD21FD7FB230074F891 /* socialshareUITests */,
			);
		};
/* End PBXProject section */

/* Begin PBXResourcesBuildPhase section */
		710BEAB21FD7FB230074F891 /* Resources */ = {
			isa = PBXResourcesBuildPhase;
			buildActionMask = 2147483647;
			files = (
				710BEAC21FD7FB230074F891 /* LaunchScreen.storyboard in Resources */,
				710BEABF1FD7FB230074F891 /* Assets.xcassets in Resources */,
				710BEABD1FD7FB230074F891 /* Main.storyboard in Resources */,
			);
			runOnlyForDeploymentPostprocessing = 0;
		};
		710BEAC61FD7FB230074F891 /* Resources */ = {
			isa = PBXResourcesBuildPhase;
			buildActionMask = 2147483647;
			files = (
			);
			runOnlyForDeploymentPostprocessing = 0;
		};
		710BEAD11FD7FB230074F891 /* Resources */ = {
			isa = PBXResourcesBuildPhase;
			buildActionMask = 2147483647;
			files = (
			);
			runOnlyForDeploymentPostprocessing = 0;
		};
/* End PBXResourcesBuildPhase section */

/* Begin PBXSourcesBuildPhase section */
		710BEAB01FD7FB230074F891 /* Sources */ = {
			isa = PBXSourcesBuildPhase;
			buildActionMask = 2147483647;
			files = (
				710BEABA1FD7FB230074F891 /* ViewController.swift in Sources */,
				710BEAB81FD7FB230074F891 /* AppDelegate.swift in Sources */,
			);
			runOnlyForDeploymentPostprocessing = 0;
		};
		710BEAC41FD7FB230074F891 /* Sources */ = {
			isa = PBXSourcesBuildPhase;
			buildActionMask = 2147483647;
			files = (
				710BEACD1FD7FB230074F891 /* socialshareTests.swift in Sources */,
			);
			runOnlyForDeploymentPostprocessing = 0;
		};
		710BEACF1FD7FB230074F891 /* Sources */ = {
			isa = PBXSourcesBuildPhase;
			buildActionMask = 2147483647;
			files = (
				710BEAD81FD7FB230074F891 /* socialshareUITests.swift in Sources */,
			);
			runOnlyForDeploymentPostprocessing = 0;
		};
/* End PBXSourcesBuildPhase section */

/* Begin PBXTargetDependency section */
		710BEACA1FD7FB230074F891 /* PBXTargetDependency */ = {
			isa = PBXTargetDependency;
			target = 710BEAB31FD7FB230074F891 /* socialshare */;
			targetProxy = 710BEAC91FD7FB230074F891 /* PBXContainerItemProxy */;
		};
		710BEAD51FD7FB230074F891 /* PBXTargetDependency */ = {
			isa = PBXTargetDependency;
			target = 710BEAB31FD7FB230074F891 /* socialshare */;
			targetProxy = 710BEAD41FD7FB230074F891 /* PBXContainerItemProxy */;
		};
/* End PBXTargetDependency section */

/* Begin PBXVariantGroup section */
		710BEABB1FD7FB230074F891 /* Main.storyboard */ = {
			isa = PBXVariantGroup;
			children = (
				710BEABC1FD7FB230074F891 /* Base */,
			);
			name = Main.storyboard;
			sourceTree = "<group>";
		};
		710BEAC01FD7FB230074F891 /* LaunchScreen.storyboard */ = {
			isa = PBXVariantGroup;
			children = (
				710BEAC11FD7FB230074F891 /* Base */,
			);
			name = LaunchScreen.storyboard;
			sourceTree = "<group>";
		};
/* End PBXVariantGroup section */

/* Begin XCBuildConfiguration section */
		710BEADA1FD7FB230074F891 /* Debug */ = {
			isa = XCBuildConfiguration;
			buildSettings = {
				ALWAYS_SEARCH_USER_PATHS = NO;
				CLANG_ANALYZER_NONNULL = YES;
				CLANG_ANALYZER_NUMBER_OBJECT_CONVERSION = YES_AGGRESSIVE;
				CLANG_CXX_LANGUAGE_STANDARD = "gnu++14";
				CLANG_CXX_LIBRARY = "libc++";
				CLANG_ENABLE_MODULES = YES;
				CLANG_ENABLE_OBJC_ARC = YES;
				CLANG_WARN_BLOCK_CAPTURE_AUTORELEASING = YES;
				CLANG_WARN_BOOL_CONVERSION = YES;
				CLANG_WARN_COMMA = YES;
				CLANG_WARN_CONSTANT_CONVERSION = YES;
				CLANG_WARN_DIRECT_OBJC_ISA_USAGE = YES_ERROR;
				CLANG_WARN_DOCUMENTATION_COMMENTS = YES;
				CLANG_WARN_EMPTY_BODY = YES;
				CLANG_WARN_ENUM_CONVERSION = YES;
				CLANG_WARN_INFINITE_RECURSION = YES;
				CLANG_WARN_INT_CONVERSION = YES;
				CLANG_WARN_NON_LITERAL_NULL_CONVERSION = YES;
				CLANG_WARN_OBJC_LITERAL_CONVERSION = YES;
				CLANG_WARN_OBJC_ROOT_CLASS = YES_ERROR;
				CLANG_WARN_RANGE_LOOP_ANALYSIS = YES;
				CLANG_WARN_STRICT_PROTOTYPES = YES;
				CLANG_WARN_SUSPICIOUS_MOVE = YES;
				CLANG_WARN_UNGUARDED_AVAILABILITY = YES_AGGRESSIVE;
				CLANG_WARN_UNREACHABLE_CODE = YES;
				CLANG_WARN__DUPLICATE_METHOD_MATCH = YES;
				CODE_SIGN_IDENTITY = "iPhone Developer";
				COPY_PHASE_STRIP = NO;
				DEBUG_INFORMATION_FORMAT = dwarf;
				ENABLE_STRICT_OBJC_MSGSEND = YES;
				ENABLE_TESTABILITY = YES;
				GCC_C_LANGUAGE_STANDARD = gnu11;
				GCC_DYNAMIC_NO_PIC = NO;
				GCC_NO_COMMON_BLOCKS = YES;
				GCC_OPTIMIZATION_LEVEL = 0;
				GCC_PREPROCESSOR_DEFINITIONS = (
					"DEBUG=1",
					"$(inherited)",
				);
				GCC_WARN_64_TO_32_BIT_CONVERSION = YES;
				GCC_WARN_ABOUT_RETURN_TYPE = YES_ERROR;
				GCC_WARN_UNDECLARED_SELECTOR = YES;
				GCC_WARN_UNINITIALIZED_AUTOS = YES_AGGRESSIVE;
				GCC_WARN_UNUSED_FUNCTION = YES;
				GCC_WARN_UNUSED_VARIABLE = YES;
				IPHONEOS_DEPLOYMENT_TARGET = 11.0;
				MTL_ENABLE_DEBUG_INFO = YES;
				ONLY_ACTIVE_ARCH = YES;
				SDKROOT = iphoneos;
				SWIFT_ACTIVE_COMPILATION_CONDITIONS = DEBUG;
				SWIFT_OPTIMIZATION_LEVEL = "-Onone";
			};
			name = Debug;
		};
		710BEADB1FD7FB230074F891 /* Release */ = {
			isa = XCBuildConfiguration;
			buildSettings = {
				ALWAYS_SEARCH_USER_PATHS = NO;
				CLANG_ANALYZER_NONNULL = YES;
				CLANG_ANALYZER_NUMBER_OBJECT_CONVERSION = YES_AGGRESSIVE;
				CLANG_CXX_LANGUAGE_STANDARD = "gnu++14";
				CLANG_CXX_LIBRARY = "libc++";
				CLANG_ENABLE_MODULES = YES;
				CLANG_ENABLE_OBJC_ARC = YES;
				CLANG_WARN_BLOCK_CAPTURE_AUTORELEASING = YES;
				CLANG_WARN_BOOL_CONVERSION = YES;
				CLANG_WARN_COMMA = YES;
				CLANG_WARN_CONSTANT_CONVERSION = YES;
				CLANG_WARN_DIRECT_OBJC_ISA_USAGE = YES_ERROR;
				CLANG_WARN_DOCUMENTATION_COMMENTS = YES;
				CLANG_WARN_EMPTY_BODY = YES;
				CLANG_WARN_ENUM_CONVERSION = YES;
				CLANG_WARN_INFINITE_RECURSION = YES;
				CLANG_WARN_INT_CONVERSION = YES;
				CLANG_WARN_NON_LITERAL_NULL_CONVERSION = YES;
				CLANG_WARN_OBJC_LITERAL_CONVERSION = YES;
				CLANG_WARN_OBJC_ROOT_CLASS = YES_ERROR;
				CLANG_WARN_RANGE_LOOP_ANALYSIS = YES;
				CLANG_WARN_STRICT_PROTOTYPES = YES;
				CLANG_WARN_SUSPICIOUS_MOVE = YES;
				CLANG_WARN_UNGUARDED_AVAILABILITY = YES_AGGRESSIVE;
				CLANG_WARN_UNREACHABLE_CODE = YES;
				CLANG_WARN__DUPLICATE_METHOD_MATCH = YES;
				CODE_SIGN_IDENTITY = "iPhone Developer";
				COPY_PHASE_STRIP = NO;
				DEBUG_INFORMATION_FORMAT = "dwarf-with-dsym";
				ENABLE_NS_ASSERTIONS = NO;
				ENABLE_STRICT_OBJC_MSGSEND = YES;
				GCC_C_LANGUAGE_STANDARD = gnu11;
				GCC_NO_COMMON_BLOCKS = YES;
				GCC_WARN_64_TO_32_BIT_CONVERSION = YES;
				GCC_WARN_ABOUT_RETURN_TYPE = YES_ERROR;
				GCC_WARN_UNDECLARED_SELECTOR = YES;
				GCC_WARN_UNINITIALIZED_AUTOS = YES_AGGRESSIVE;
				GCC_WARN_UNUSED_FUNCTION = YES;
				GCC_WARN_UNUSED_VARIABLE = YES;
				IPHONEOS_DEPLOYMENT_TARGET = 11.0;
				MTL_ENABLE_DEBUG_INFO = NO;
				SDKROOT = iphoneos;
				SWIFT_OPTIMIZATION_LEVEL = "-Owholemodule";
				VALIDATE_PRODUCT = YES;
			};
			name = Release;
		};
		710BEADD1FD7FB230074F891 /* Debug */ = {
			isa = XCBuildConfiguration;
			buildSettings = {
				ASSETCATALOG_COMPILER_APPICON_NAME = AppIcon;
				CODE_SIGN_STYLE = Automatic;
				DEVELOPMENT_TEAM = SNDSRBSHQ5;
				INFOPLIST_FILE = socialshare/Info.plist;
				LD_RUNPATH_SEARCH_PATHS = "$(inherited) @executable_path/Frameworks";
				PRODUCT_BUNDLE_IDENTIFIER = nl.mattle.socialshare;
				PRODUCT_NAME = "$(TARGET_NAME)";
				SWIFT_VERSION = 4.0;
				TARGETED_DEVICE_FAMILY = "1,2";
			};
			name = Debug;
		};
		710BEADE1FD7FB230074F891 /* Release */ = {
			isa = XCBuildConfiguration;
			buildSettings = {
				ASSETCATALOG_COMPILER_APPICON_NAME = AppIcon;
				CODE_SIGN_STYLE = Automatic;
				DEVELOPMENT_TEAM = SNDSRBSHQ5;
				INFOPLIST_FILE = socialshare/Info.plist;
				LD_RUNPATH_SEARCH_PATHS = "$(inherited) @executable_path/Frameworks";
				PRODUCT_BUNDLE_IDENTIFIER = nl.mattle.socialshare;
				PRODUCT_NAME = "$(TARGET_NAME)";
				SWIFT_VERSION = 4.0;
				TARGETED_DEVICE_FAMILY = "1,2";
			};
			name = Release;
		};
		710BEAE01FD7FB230074F891 /* Debug */ = {
			isa = XCBuildConfiguration;
			buildSettings = {
				ALWAYS_EMBED_SWIFT_STANDARD_LIBRARIES = YES;
				BUNDLE_LOADER = "$(TEST_HOST)";
				CODE_SIGN_STYLE = Automatic;
				DEVELOPMENT_TEAM = SNDSRBSHQ5;
				INFOPLIST_FILE = socialshareTests/Info.plist;
				LD_RUNPATH_SEARCH_PATHS = "$(inherited) @executable_path/Frameworks @loader_path/Frameworks";
				PRODUCT_BUNDLE_IDENTIFIER = nl.mattle.socialshareTests;
				PRODUCT_NAME = "$(TARGET_NAME)";
				SWIFT_VERSION = 4.0;
				TARGETED_DEVICE_FAMILY = "1,2";
				TEST_HOST = "$(BUILT_PRODUCTS_DIR)/socialshare.app/socialshare";
			};
			name = Debug;
		};
		710BEAE11FD7FB230074F891 /* Release */ = {
			isa = XCBuildConfiguration;
			buildSettings = {
				ALWAYS_EMBED_SWIFT_STANDARD_LIBRARIES = YES;
				BUNDLE_LOADER = "$(TEST_HOST)";
				CODE_SIGN_STYLE = Automatic;
				DEVELOPMENT_TEAM = SNDSRBSHQ5;
				INFOPLIST_FILE = socialshareTests/Info.plist;
				LD_RUNPATH_SEARCH_PATHS = "$(inherited) @executable_path/Frameworks @loader_path/Frameworks";
				PRODUCT_BUNDLE_IDENTIFIER = nl.mattle.socialshareTests;
				PRODUCT_NAME = "$(TARGET_NAME)";
				SWIFT_VERSION = 4.0;
				TARGETED_DEVICE_FAMILY = "1,2";
				TEST_HOST = "$(BUILT_PRODUCTS_DIR)/socialshare.app/socialshare";
			};
			name = Release;
		};
		710BEAE31FD7FB230074F891 /* Debug */ = {
			isa = XCBuildConfiguration;
			buildSettings = {
				ALWAYS_EMBED_SWIFT_STANDARD_LIBRARIES = YES;
				CODE_SIGN_STYLE = Automatic;
				DEVELOPMENT_TEAM = SNDSRBSHQ5;
				INFOPLIST_FILE = socialshareUITests/Info.plist;
				LD_RUNPATH_SEARCH_PATHS = "$(inherited) @executable_path/Frameworks @loader_path/Frameworks";
				PRODUCT_BUNDLE_IDENTIFIER = nl.mattle.socialshareUITests;
				PRODUCT_NAME = "$(TARGET_NAME)";
				SWIFT_VERSION = 4.0;
				TARGETED_DEVICE_FAMILY = "1,2";
				TEST_TARGET_NAME = socialshare;
			};
			name = Debug;
		};
		710BEAE41FD7FB230074F891 /* Release */ = {
			isa = XCBuildConfiguration;
			buildSettings = {
				ALWAYS_EMBED_SWIFT_STANDARD_LIBRARIES = YES;
				CODE_SIGN_STYLE = Automatic;
				DEVELOPMENT_TEAM = SNDSRBSHQ5;
				INFOPLIST_FILE = socialshareUITests/Info.plist;
				LD_RUNPATH_SEARCH_PATHS = "$(inherited) @executable_path/Frameworks @loader_path/Frameworks";
				PRODUCT_BUNDLE_IDENTIFIER = nl.mattle.socialshareUITests;
				PRODUCT_NAME = "$(TARGET_NAME)";
				SWIFT_VERSION = 4.0;
				TARGETED_DEVICE_FAMILY = "1,2";
				TEST_TARGET_NAME = socialshare;
			};
			name = Release;
		};
/* End XCBuildConfiguration section */

/* Begin XCConfigurationList section */
		710BEAAF1FD7FB230074F891 /* Build configuration list for PBXProject "socialshare" */ = {
			isa = XCConfigurationList;
			buildConfigurations = (
				710BEADA1FD7FB230074F891 /* Debug */,
				710BEADB1FD7FB230074F891 /* Release */,
			);
			defaultConfigurationIsVisible = 0;
			defaultConfigurationName = Release;
		};
		710BEADC1FD7FB230074F891 /* Build configuration list for PBXNativeTarget "socialshare" */ = {
			isa = XCConfigurationList;
			buildConfigurations = (
				710BEADD1FD7FB230074F891 /* Debug */,
				710BEADE1FD7FB230074F891 /* Release */,
			);
			defaultConfigurationIsVisible = 0;
			defaultConfigurationName = Release;
		};
		710BEADF1FD7FB230074F891 /* Build configuration list for PBXNativeTarget "socialshareTests" */ = {
			isa = XCConfigurationList;
			buildConfigurations = (
				710BEAE01FD7FB230074F891 /* Debug */,
				710BEAE11FD7FB230074F891 /* Release */,
			);
			defaultConfigurationIsVisible = 0;
			defaultConfigurationName = Release;
		};
		710BEAE21FD7FB230074F891 /* Build configuration list for PBXNativeTarget "socialshareUITests" */ = {
			isa = XCConfigurationList;
			buildConfigurations = (
				710BEAE31FD7FB230074F891 /* Debug */,
				710BEAE41FD7FB230074F891 /* Release */,
			);
			defaultConfigurationIsVisible = 0;
			defaultConfigurationName = Release;
		};
/* End XCConfigurationList section */
	};
	rootObject = 710BEAAC1FD7FB230074F891 /* Project object */;
}
