// !$*UTF8*$!
{
	archiveVersion = 1;
	classes = {
	};
	objectVersion = 48;
	objects = {

/* Begin PBXBuildFile section */
		71633E43200796200080E405 /* AppDelegate.swift in Sources */ = {isa = PBXBuildFile; fileRef = 71633E42200796200080E405 /* AppDelegate.swift */; };
		71633E45200796200080E405 /* ViewController.swift in Sources */ = {isa = PBXBuildFile; fileRef = 71633E44200796200080E405 /* ViewController.swift */; };
		71633E48200796200080E405 /* Main.storyboard in Resources */ = {isa = PBXBuildFile; fileRef = 71633E46200796200080E405 /* Main.storyboard */; };
		71633E4A200796200080E405 /* Assets.xcassets in Resources */ = {isa = PBXBuildFile; fileRef = 71633E49200796200080E405 /* Assets.xcassets */; };
		71633E4D200796200080E405 /* LaunchScreen.storyboard in Resources */ = {isa = PBXBuildFile; fileRef = 71633E4B200796200080E405 /* LaunchScreen.storyboard */; };
		71633E58200796200080E405 /* siriTests.swift in Sources */ = {isa = PBXBuildFile; fileRef = 71633E57200796200080E405 /* siriTests.swift */; };
		71633E63200796200080E405 /* siriUITests.swift in Sources */ = {isa = PBXBuildFile; fileRef = 71633E62200796200080E405 /* siriUITests.swift */; };
		71633E772007965E0080E405 /* IntentHandler.swift in Sources */ = {isa = PBXBuildFile; fileRef = 71633E762007965E0080E405 /* IntentHandler.swift */; };
		71633E7B2007965E0080E405 /* sendMessageExtension.appex in Embed App Extensions */ = {isa = PBXBuildFile; fileRef = 71633E742007965E0080E405 /* sendMessageExtension.appex */; settings = {ATTRIBUTES = (RemoveHeadersOnCopy, ); }; };
/* End PBXBuildFile section */

/* Begin PBXContainerItemProxy section */
		71633E54200796200080E405 /* PBXContainerItemProxy */ = {
			isa = PBXContainerItemProxy;
			containerPortal = 71633E372007961F0080E405 /* Project object */;
			proxyType = 1;
			remoteGlobalIDString = 71633E3E2007961F0080E405;
			remoteInfo = siri;
		};
		71633E5F200796200080E405 /* PBXContainerItemProxy */ = {
			isa = PBXContainerItemProxy;
			containerPortal = 71633E372007961F0080E405 /* Project object */;
			proxyType = 1;
			remoteGlobalIDString = 71633E3E2007961F0080E405;
			remoteInfo = siri;
		};
		71633E792007965E0080E405 /* PBXContainerItemProxy */ = {
			isa = PBXContainerItemProxy;
			containerPortal = 71633E372007961F0080E405 /* Project object */;
			proxyType = 1;
			remoteGlobalIDString = 71633E732007965E0080E405;
			remoteInfo = sendMessageExtension;
		};
/* End PBXContainerItemProxy section */

/* Begin PBXCopyFilesBuildPhase section */
		71633E7F2007965E0080E405 /* Embed App Extensions */ = {
			isa = PBXCopyFilesBuildPhase;
			buildActionMask = 2147483647;
			dstPath = "";
			dstSubfolderSpec = 13;
			files = (
				71633E7B2007965E0080E405 /* sendMessageExtension.appex in Embed App Extensions */,
			);
			name = "Embed App Extensions";
			runOnlyForDeploymentPostprocessing = 0;
		};
/* End PBXCopyFilesBuildPhase section */

/* Begin PBXFileReference section */
		71633E3F2007961F0080E405 /* siri.app */ = {isa = PBXFileReference; explicitFileType = wrapper.application; includeInIndex = 0; path = siri.app; sourceTree = BUILT_PRODUCTS_DIR; };
		71633E42200796200080E405 /* AppDelegate.swift */ = {isa = PBXFileReference; lastKnownFileType = sourcecode.swift; path = AppDelegate.swift; sourceTree = "<group>"; };
		71633E44200796200080E405 /* ViewController.swift */ = {isa = PBXFileReference; lastKnownFileType = sourcecode.swift; path = ViewController.swift; sourceTree = "<group>"; };
		71633E47200796200080E405 /* Base */ = {isa = PBXFileReference; lastKnownFileType = file.storyboard; name = Base; path = Base.lproj/Main.storyboard; sourceTree = "<group>"; };
		71633E49200796200080E405 /* Assets.xcassets */ = {isa = PBXFileReference; lastKnownFileType = folder.assetcatalog; path = Assets.xcassets; sourceTree = "<group>"; };
		71633E4C200796200080E405 /* Base */ = {isa = PBXFileReference; lastKnownFileType = file.storyboard; name = Base; path = Base.lproj/LaunchScreen.storyboard; sourceTree = "<group>"; };
		71633E4E200796200080E405 /* Info.plist */ = {isa = PBXFileReference; lastKnownFileType = text.plist.xml; path = Info.plist; sourceTree = "<group>"; };
		71633E53200796200080E405 /* siriTests.xctest */ = {isa = PBXFileReference; explicitFileType = wrapper.cfbundle; includeInIndex = 0; path = siriTests.xctest; sourceTree = BUILT_PRODUCTS_DIR; };
		71633E57200796200080E405 /* siriTests.swift */ = {isa = PBXFileReference; lastKnownFileType = sourcecode.swift; path = siriTests.swift; sourceTree = "<group>"; };
		71633E59200796200080E405 /* Info.plist */ = {isa = PBXFileReference; lastKnownFileType = text.plist.xml; path = Info.plist; sourceTree = "<group>"; };
		71633E5E200796200080E405 /* siriUITests.xctest */ = {isa = PBXFileReference; explicitFileType = wrapper.cfbundle; includeInIndex = 0; path = siriUITests.xctest; sourceTree = BUILT_PRODUCTS_DIR; };
		71633E62200796200080E405 /* siriUITests.swift */ = {isa = PBXFileReference; lastKnownFileType = sourcecode.swift; path = siriUITests.swift; sourceTree = "<group>"; };
		71633E64200796200080E405 /* Info.plist */ = {isa = PBXFileReference; lastKnownFileType = text.plist.xml; path = Info.plist; sourceTree = "<group>"; };
		71633E742007965E0080E405 /* sendMessageExtension.appex */ = {isa = PBXFileReference; explicitFileType = "wrapper.app-extension"; includeInIndex = 0; path = sendMessageExtension.appex; sourceTree = BUILT_PRODUCTS_DIR; };
		71633E762007965E0080E405 /* IntentHandler.swift */ = {isa = PBXFileReference; lastKnownFileType = sourcecode.swift; path = IntentHandler.swift; sourceTree = "<group>"; };
		71633E782007965E0080E405 /* Info.plist */ = {isa = PBXFileReference; lastKnownFileType = text.plist.xml; path = Info.plist; sourceTree = "<group>"; };
		71EA0E18200CD3B600169381 /* siri.entitlements */ = {isa = PBXFileReference; lastKnownFileType = text.plist.entitlements; path = siri.entitlements; sourceTree = "<group>"; };
/* End PBXFileReference section */

/* Begin PBXFrameworksBuildPhase section */
		71633E3C2007961F0080E405 /* Frameworks */ = {
			isa = PBXFrameworksBuildPhase;
			buildActionMask = 2147483647;
			files = (
			);
			runOnlyForDeploymentPostprocessing = 0;
		};
		71633E50200796200080E405 /* Frameworks */ = {
			isa = PBXFrameworksBuildPhase;
			buildActionMask = 2147483647;
			files = (
			);
			runOnlyForDeploymentPostprocessing = 0;
		};
		71633E5B200796200080E405 /* Frameworks */ = {
			isa = PBXFrameworksBuildPhase;
			buildActionMask = 2147483647;
			files = (
			);
			runOnlyForDeploymentPostprocessing = 0;
		};
		71633E712007965E0080E405 /* Frameworks */ = {
			isa = PBXFrameworksBuildPhase;
			buildActionMask = 2147483647;
			files = (
			);
			runOnlyForDeploymentPostprocessing = 0;
		};
/* End PBXFrameworksBuildPhase section */

/* Begin PBXGroup section */
		71633E362007961F0080E405 = {
			isa = PBXGroup;
			children = (
				71633E41200796200080E405 /* siri */,
				71633E56200796200080E405 /* siriTests */,
				71633E61200796200080E405 /* siriUITests */,
				71633E752007965E0080E405 /* sendMessageExtension */,
				71633E402007961F0080E405 /* Products */,
			);
			sourceTree = "<group>";
		};
		71633E402007961F0080E405 /* Products */ = {
			isa = PBXGroup;
			children = (
				71633E3F2007961F0080E405 /* siri.app */,
				71633E53200796200080E405 /* siriTests.xctest */,
				71633E5E200796200080E405 /* siriUITests.xctest */,
				71633E742007965E0080E405 /* sendMessageExtension.appex */,
			);
			name = Products;
			sourceTree = "<group>";
		};
		71633E41200796200080E405 /* siri */ = {
			isa = PBXGroup;
			children = (
				71EA0E18200CD3B600169381 /* siri.entitlements */,
				71633E42200796200080E405 /* AppDelegate.swift */,
				71633E44200796200080E405 /* ViewController.swift */,
				71633E46200796200080E405 /* Main.storyboard */,
				71633E49200796200080E405 /* Assets.xcassets */,
				71633E4B200796200080E405 /* LaunchScreen.storyboard */,
				71633E4E200796200080E405 /* Info.plist */,
			);
			path = siri;
			sourceTree = "<group>";
		};
		71633E56200796200080E405 /* siriTests */ = {
			isa = PBXGroup;
			children = (
				71633E57200796200080E405 /* siriTests.swift */,
				71633E59200796200080E405 /* Info.plist */,
			);
			path = siriTests;
			sourceTree = "<group>";
		};
		71633E61200796200080E405 /* siriUITests */ = {
			isa = PBXGroup;
			children = (
				71633E62200796200080E405 /* siriUITests.swift */,
				71633E64200796200080E405 /* Info.plist */,
			);
			path = siriUITests;
			sourceTree = "<group>";
		};
		71633E752007965E0080E405 /* sendMessageExtension */ = {
			isa = PBXGroup;
			children = (
				71633E762007965E0080E405 /* IntentHandler.swift */,
				71633E782007965E0080E405 /* Info.plist */,
			);
			path = sendMessageExtension;
			sourceTree = "<group>";
		};
/* End PBXGroup section */

/* Begin PBXNativeTarget section */
		71633E3E2007961F0080E405 /* siri */ = {
			isa = PBXNativeTarget;
			buildConfigurationList = 71633E67200796200080E405 /* Build configuration list for PBXNativeTarget "siri" */;
			buildPhases = (
				71633E3B2007961F0080E405 /* Sources */,
				71633E3C2007961F0080E405 /* Frameworks */,
				71633E3D2007961F0080E405 /* Resources */,
				71633E7F2007965E0080E405 /* Embed App Extensions */,
			);
			buildRules = (
			);
			dependencies = (
				71633E7A2007965E0080E405 /* PBXTargetDependency */,
			);
			name = siri;
			productName = siri;
			productReference = 71633E3F2007961F0080E405 /* siri.app */;
			productType = "com.apple.product-type.application";
		};
		71633E52200796200080E405 /* siriTests */ = {
			isa = PBXNativeTarget;
			buildConfigurationList = 71633E6A200796200080E405 /* Build configuration list for PBXNativeTarget "siriTests" */;
			buildPhases = (
				71633E4F200796200080E405 /* Sources */,
				71633E50200796200080E405 /* Frameworks */,
				71633E51200796200080E405 /* Resources */,
			);
			buildRules = (
			);
			dependencies = (
				71633E55200796200080E405 /* PBXTargetDependency */,
			);
			name = siriTests;
			productName = siriTests;
			productReference = 71633E53200796200080E405 /* siriTests.xctest */;
			productType = "com.apple.product-type.bundle.unit-test";
		};
		71633E5D200796200080E405 /* siriUITests */ = {
			isa = PBXNativeTarget;
			buildConfigurationList = 71633E6D200796200080E405 /* Build configuration list for PBXNativeTarget "siriUITests" */;
			buildPhases = (
				71633E5A200796200080E405 /* Sources */,
				71633E5B200796200080E405 /* Frameworks */,
				71633E5C200796200080E405 /* Resources */,
			);
			buildRules = (
			);
			dependencies = (
				71633E60200796200080E405 /* PBXTargetDependency */,
			);
			name = siriUITests;
			productName = siriUITests;
			productReference = 71633E5E200796200080E405 /* siriUITests.xctest */;
			productType = "com.apple.product-type.bundle.ui-testing";
		};
		71633E732007965E0080E405 /* sendMessageExtension */ = {
			isa = PBXNativeTarget;
			buildConfigurationList = 71633E7C2007965E0080E405 /* Build configuration list for PBXNativeTarget "sendMessageExtension" */;
			buildPhases = (
				71633E702007965E0080E405 /* Sources */,
				71633E712007965E0080E405 /* Frameworks */,
				71633E722007965E0080E405 /* Resources */,
			);
			buildRules = (
			);
			dependencies = (
			);
			name = sendMessageExtension;
			productName = sendMessageExtension;
			productReference = 71633E742007965E0080E405 /* sendMessageExtension.appex */;
			productType = "com.apple.product-type.app-extension";
		};
/* End PBXNativeTarget section */

/* Begin PBXProject section */
		71633E372007961F0080E405 /* Project object */ = {
			isa = PBXProject;
			attributes = {
				LastSwiftUpdateCheck = 0920;
				LastUpgradeCheck = 0920;
				ORGANIZATIONNAME = "Mattias te Wierik";
				TargetAttributes = {
					71633E3E2007961F0080E405 = {
						CreatedOnToolsVersion = 9.2;
						ProvisioningStyle = Automatic;
						SystemCapabilities = {
							com.apple.Siri = {
								enabled = 1;
							};
						};
					};
					71633E52200796200080E405 = {
						CreatedOnToolsVersion = 9.2;
						ProvisioningStyle = Automatic;
						TestTargetID = 71633E3E2007961F0080E405;
					};
					71633E5D200796200080E405 = {
						CreatedOnToolsVersion = 9.2;
						ProvisioningStyle = Automatic;
						TestTargetID = 71633E3E2007961F0080E405;
					};
					71633E732007965E0080E405 = {
						CreatedOnToolsVersion = 9.2;
						ProvisioningStyle = Automatic;
					};
				};
			};
			buildConfigurationList = 71633E3A2007961F0080E405 /* Build configuration list for PBXProject "siri" */;
			compatibilityVersion = "Xcode 8.0";
			developmentRegion = en;
			hasScannedForEncodings = 0;
			knownRegions = (
				en,
				Base,
			);
			mainGroup = 71633E362007961F0080E405;
			productRefGroup = 71633E402007961F0080E405 /* Products */;
			projectDirPath = "";
			projectRoot = "";
			targets = (
				71633E3E2007961F0080E405 /* siri */,
				71633E52200796200080E405 /* siriTests */,
				71633E5D200796200080E405 /* siriUITests */,
				71633E732007965E0080E405 /* sendMessageExtension */,
			);
		};
/* End PBXProject section */

/* Begin PBXResourcesBuildPhase section */
		71633E3D2007961F0080E405 /* Resources */ = {
			isa = PBXResourcesBuildPhase;
			buildActionMask = 2147483647;
			files = (
				71633E4D200796200080E405 /* LaunchScreen.storyboard in Resources */,
				71633E4A200796200080E405 /* Assets.xcassets in Resources */,
				71633E48200796200080E405 /* Main.storyboard in Resources */,
			);
			runOnlyForDeploymentPostprocessing = 0;
		};
		71633E51200796200080E405 /* Resources */ = {
			isa = PBXResourcesBuildPhase;
			buildActionMask = 2147483647;
			files = (
			);
			runOnlyForDeploymentPostprocessing = 0;
		};
		71633E5C200796200080E405 /* Resources */ = {
			isa = PBXResourcesBuildPhase;
			buildActionMask = 2147483647;
			files = (
			);
			runOnlyForDeploymentPostprocessing = 0;
		};
		71633E722007965E0080E405 /* Resources */ = {
			isa = PBXResourcesBuildPhase;
			buildActionMask = 2147483647;
			files = (
			);
			runOnlyForDeploymentPostprocessing = 0;
		};
/* End PBXResourcesBuildPhase section */

/* Begin PBXSourcesBuildPhase section */
		71633E3B2007961F0080E405 /* Sources */ = {
			isa = PBXSourcesBuildPhase;
			buildActionMask = 2147483647;
			files = (
				71633E45200796200080E405 /* ViewController.swift in Sources */,
				71633E43200796200080E405 /* AppDelegate.swift in Sources */,
			);
			runOnlyForDeploymentPostprocessing = 0;
		};
		71633E4F200796200080E405 /* Sources */ = {
			isa = PBXSourcesBuildPhase;
			buildActionMask = 2147483647;
			files = (
				71633E58200796200080E405 /* siriTests.swift in Sources */,
			);
			runOnlyForDeploymentPostprocessing = 0;
		};
		71633E5A200796200080E405 /* Sources */ = {
			isa = PBXSourcesBuildPhase;
			buildActionMask = 2147483647;
			files = (
				71633E63200796200080E405 /* siriUITests.swift in Sources */,
			);
			runOnlyForDeploymentPostprocessing = 0;
		};
		71633E702007965E0080E405 /* Sources */ = {
			isa = PBXSourcesBuildPhase;
			buildActionMask = 2147483647;
			files = (
				71633E772007965E0080E405 /* IntentHandler.swift in Sources */,
			);
			runOnlyForDeploymentPostprocessing = 0;
		};
/* End PBXSourcesBuildPhase section */

/* Begin PBXTargetDependency section */
		71633E55200796200080E405 /* PBXTargetDependency */ = {
			isa = PBXTargetDependency;
			target = 71633E3E2007961F0080E405 /* siri */;
			targetProxy = 71633E54200796200080E405 /* PBXContainerItemProxy */;
		};
		71633E60200796200080E405 /* PBXTargetDependency */ = {
			isa = PBXTargetDependency;
			target = 71633E3E2007961F0080E405 /* siri */;
			targetProxy = 71633E5F200796200080E405 /* PBXContainerItemProxy */;
		};
		71633E7A2007965E0080E405 /* PBXTargetDependency */ = {
			isa = PBXTargetDependency;
			target = 71633E732007965E0080E405 /* sendMessageExtension */;
			targetProxy = 71633E792007965E0080E405 /* PBXContainerItemProxy */;
		};
/* End PBXTargetDependency section */

/* Begin PBXVariantGroup section */
		71633E46200796200080E405 /* Main.storyboard */ = {
			isa = PBXVariantGroup;
			children = (
				71633E47200796200080E405 /* Base */,
			);
			name = Main.storyboard;
			sourceTree = "<group>";
		};
		71633E4B200796200080E405 /* LaunchScreen.storyboard */ = {
			isa = PBXVariantGroup;
			children = (
				71633E4C200796200080E405 /* Base */,
			);
			name = LaunchScreen.storyboard;
			sourceTree = "<group>";
		};
/* End PBXVariantGroup section */

/* Begin XCBuildConfiguration section */
		71633E65200796200080E405 /* Debug */ = {
			isa = XCBuildConfiguration;
			buildSettings = {
				ALWAYS_SEARCH_USER_PATHS = NO;
				CLANG_ANALYZER_NONNULL = YES;
				CLANG_ANALYZER_NUMBER_OBJECT_CONVERSION = YES_AGGRESSIVE;
				CLANG_CXX_LANGUAGE_STANDARD = "gnu++14";
				CLANG_CXX_LIBRARY = "libc++";
				CLANG_ENABLE_MODULES = YES;
				CLANG_ENABLE_OBJC_ARC = YES;
				CLANG_WARN_BLOCK_CAPTURE_AUTORELEASING = YES;
				CLANG_WARN_BOOL_CONVERSION = YES;
				CLANG_WARN_COMMA = YES;
				CLANG_WARN_CONSTANT_CONVERSION = YES;
				CLANG_WARN_DIRECT_OBJC_ISA_USAGE = YES_ERROR;
				CLANG_WARN_DOCUMENTATION_COMMENTS = YES;
				CLANG_WARN_EMPTY_BODY = YES;
				CLANG_WARN_ENUM_CONVERSION = YES;
				CLANG_WARN_INFINITE_RECURSION = YES;
				CLANG_WARN_INT_CONVERSION = YES;
				CLANG_WARN_NON_LITERAL_NULL_CONVERSION = YES;
				CLANG_WARN_OBJC_LITERAL_CONVERSION = YES;
				CLANG_WARN_OBJC_ROOT_CLASS = YES_ERROR;
				CLANG_WARN_RANGE_LOOP_ANALYSIS = YES;
				CLANG_WARN_STRICT_PROTOTYPES = YES;
				CLANG_WARN_SUSPICIOUS_MOVE = YES;
				CLANG_WARN_UNGUARDED_AVAILABILITY = YES_AGGRESSIVE;
				CLANG_WARN_UNREACHABLE_CODE = YES;
				CLANG_WARN__DUPLICATE_METHOD_MATCH = YES;
				CODE_SIGN_IDENTITY = "iPhone Developer";
				COPY_PHASE_STRIP = NO;
				DEBUG_INFORMATION_FORMAT = dwarf;
				ENABLE_STRICT_OBJC_MSGSEND = YES;
				ENABLE_TESTABILITY = YES;
				GCC_C_LANGUAGE_STANDARD = gnu11;
				GCC_DYNAMIC_NO_PIC = NO;
				GCC_NO_COMMON_BLOCKS = YES;
				GCC_OPTIMIZATION_LEVEL = 0;
				GCC_PREPROCESSOR_DEFINITIONS = (
					"DEBUG=1",
					"$(inherited)",
				);
				GCC_WARN_64_TO_32_BIT_CONVERSION = YES;
				GCC_WARN_ABOUT_RETURN_TYPE = YES_ERROR;
				GCC_WARN_UNDECLARED_SELECTOR = YES;
				GCC_WARN_UNINITIALIZED_AUTOS = YES_AGGRESSIVE;
				GCC_WARN_UNUSED_FUNCTION = YES;
				GCC_WARN_UNUSED_VARIABLE = YES;
				IPHONEOS_DEPLOYMENT_TARGET = 11.2;
				MTL_ENABLE_DEBUG_INFO = YES;
				ONLY_ACTIVE_ARCH = YES;
				SDKROOT = iphoneos;
				SWIFT_ACTIVE_COMPILATION_CONDITIONS = DEBUG;
				SWIFT_OPTIMIZATION_LEVEL = "-Onone";
			};
			name = Debug;
		};
		71633E66200796200080E405 /* Release */ = {
			isa = XCBuildConfiguration;
			buildSettings = {
				ALWAYS_SEARCH_USER_PATHS = NO;
				CLANG_ANALYZER_NONNULL = YES;
				CLANG_ANALYZER_NUMBER_OBJECT_CONVERSION = YES_AGGRESSIVE;
				CLANG_CXX_LANGUAGE_STANDARD = "gnu++14";
				CLANG_CXX_LIBRARY = "libc++";
				CLANG_ENABLE_MODULES = YES;
				CLANG_ENABLE_OBJC_ARC = YES;
				CLANG_WARN_BLOCK_CAPTURE_AUTORELEASING = YES;
				CLANG_WARN_BOOL_CONVERSION = YES;
				CLANG_WARN_COMMA = YES;
				CLANG_WARN_CONSTANT_CONVERSION = YES;
				CLANG_WARN_DIRECT_OBJC_ISA_USAGE = YES_ERROR;
				CLANG_WARN_DOCUMENTATION_COMMENTS = YES;
				CLANG_WARN_EMPTY_BODY = YES;
				CLANG_WARN_ENUM_CONVERSION = YES;
				CLANG_WARN_INFINITE_RECURSION = YES;
				CLANG_WARN_INT_CONVERSION = YES;
				CLANG_WARN_NON_LITERAL_NULL_CONVERSION = YES;
				CLANG_WARN_OBJC_LITERAL_CONVERSION = YES;
				CLANG_WARN_OBJC_ROOT_CLASS = YES_ERROR;
				CLANG_WARN_RANGE_LOOP_ANALYSIS = YES;
				CLANG_WARN_STRICT_PROTOTYPES = YES;
				CLANG_WARN_SUSPICIOUS_MOVE = YES;
				CLANG_WARN_UNGUARDED_AVAILABILITY = YES_AGGRESSIVE;
				CLANG_WARN_UNREACHABLE_CODE = YES;
				CLANG_WARN__DUPLICATE_METHOD_MATCH = YES;
				CODE_SIGN_IDENTITY = "iPhone Developer";
				COPY_PHASE_STRIP = NO;
				DEBUG_INFORMATION_FORMAT = "dwarf-with-dsym";
				ENABLE_NS_ASSERTIONS = NO;
				ENABLE_STRICT_OBJC_MSGSEND = YES;
				GCC_C_LANGUAGE_STANDARD = gnu11;
				GCC_NO_COMMON_BLOCKS = YES;
				GCC_WARN_64_TO_32_BIT_CONVERSION = YES;
				GCC_WARN_ABOUT_RETURN_TYPE = YES_ERROR;
				GCC_WARN_UNDECLARED_SELECTOR = YES;
				GCC_WARN_UNINITIALIZED_AUTOS = YES_AGGRESSIVE;
				GCC_WARN_UNUSED_FUNCTION = YES;
				GCC_WARN_UNUSED_VARIABLE = YES;
				IPHONEOS_DEPLOYMENT_TARGET = 11.2;
				MTL_ENABLE_DEBUG_INFO = NO;
				SDKROOT = iphoneos;
				SWIFT_OPTIMIZATION_LEVEL = "-Owholemodule";
				VALIDATE_PRODUCT = YES;
			};
			name = Release;
		};
		71633E68200796200080E405 /* Debug */ = {
			isa = XCBuildConfiguration;
			buildSettings = {
				ALWAYS_EMBED_SWIFT_STANDARD_LIBRARIES = YES;
				ASSETCATALOG_COMPILER_APPICON_NAME = AppIcon;
				CODE_SIGN_ENTITLEMENTS = siri/siri.entitlements;
				CODE_SIGN_STYLE = Automatic;
				DEVELOPMENT_TEAM = SNDSRBSHQ5;
				INFOPLIST_FILE = siri/Info.plist;
				LD_RUNPATH_SEARCH_PATHS = "$(inherited) @executable_path/Frameworks";
				PRODUCT_BUNDLE_IDENTIFIER = nl.mattle.siri;
				PRODUCT_NAME = "$(TARGET_NAME)";
				SWIFT_VERSION = 4.0;
				TARGETED_DEVICE_FAMILY = "1,2";
			};
			name = Debug;
		};
		71633E69200796200080E405 /* Release */ = {
			isa = XCBuildConfiguration;
			buildSettings = {
				ALWAYS_EMBED_SWIFT_STANDARD_LIBRARIES = YES;
				ASSETCATALOG_COMPILER_APPICON_NAME = AppIcon;
				CODE_SIGN_ENTITLEMENTS = siri/siri.entitlements;
				CODE_SIGN_STYLE = Automatic;
				DEVELOPMENT_TEAM = SNDSRBSHQ5;
				INFOPLIST_FILE = siri/Info.plist;
				LD_RUNPATH_SEARCH_PATHS = "$(inherited) @executable_path/Frameworks";
				PRODUCT_BUNDLE_IDENTIFIER = nl.mattle.siri;
				PRODUCT_NAME = "$(TARGET_NAME)";
				SWIFT_VERSION = 4.0;
				TARGETED_DEVICE_FAMILY = "1,2";
			};
			name = Release;
		};
		71633E6B200796200080E405 /* Debug */ = {
			isa = XCBuildConfiguration;
			buildSettings = {
				ALWAYS_EMBED_SWIFT_STANDARD_LIBRARIES = YES;
				BUNDLE_LOADER = "$(TEST_HOST)";
				CODE_SIGN_STYLE = Automatic;
				INFOPLIST_FILE = siriTests/Info.plist;
				LD_RUNPATH_SEARCH_PATHS = "$(inherited) @executable_path/Frameworks @loader_path/Frameworks";
				PRODUCT_BUNDLE_IDENTIFIER = nl.mattle.siriTests;
				PRODUCT_NAME = "$(TARGET_NAME)";
				SWIFT_VERSION = 4.0;
				TARGETED_DEVICE_FAMILY = "1,2";
				TEST_HOST = "$(BUILT_PRODUCTS_DIR)/siri.app/siri";
			};
			name = Debug;
		};
		71633E6C200796200080E405 /* Release */ = {
			isa = XCBuildConfiguration;
			buildSettings = {
				ALWAYS_EMBED_SWIFT_STANDARD_LIBRARIES = YES;
				BUNDLE_LOADER = "$(TEST_HOST)";
				CODE_SIGN_STYLE = Automatic;
				INFOPLIST_FILE = siriTests/Info.plist;
				LD_RUNPATH_SEARCH_PATHS = "$(inherited) @executable_path/Frameworks @loader_path/Frameworks";
				PRODUCT_BUNDLE_IDENTIFIER = nl.mattle.siriTests;
				PRODUCT_NAME = "$(TARGET_NAME)";
				SWIFT_VERSION = 4.0;
				TARGETED_DEVICE_FAMILY = "1,2";
				TEST_HOST = "$(BUILT_PRODUCTS_DIR)/siri.app/siri";
			};
			name = Release;
		};
		71633E6E200796200080E405 /* Debug */ = {
			isa = XCBuildConfiguration;
			buildSettings = {
				ALWAYS_EMBED_SWIFT_STANDARD_LIBRARIES = YES;
				CODE_SIGN_STYLE = Automatic;
				INFOPLIST_FILE = siriUITests/Info.plist;
				LD_RUNPATH_SEARCH_PATHS = "$(inherited) @executable_path/Frameworks @loader_path/Frameworks";
				PRODUCT_BUNDLE_IDENTIFIER = nl.mattle.siriUITests;
				PRODUCT_NAME = "$(TARGET_NAME)";
				SWIFT_VERSION = 4.0;
				TARGETED_DEVICE_FAMILY = "1,2";
				TEST_TARGET_NAME = siri;
			};
			name = Debug;
		};
		71633E6F200796200080E405 /* Release */ = {
			isa = XCBuildConfiguration;
			buildSettings = {
				ALWAYS_EMBED_SWIFT_STANDARD_LIBRARIES = YES;
				CODE_SIGN_STYLE = Automatic;
				INFOPLIST_FILE = siriUITests/Info.plist;
				LD_RUNPATH_SEARCH_PATHS = "$(inherited) @executable_path/Frameworks @loader_path/Frameworks";
				PRODUCT_BUNDLE_IDENTIFIER = nl.mattle.siriUITests;
				PRODUCT_NAME = "$(TARGET_NAME)";
				SWIFT_VERSION = 4.0;
				TARGETED_DEVICE_FAMILY = "1,2";
				TEST_TARGET_NAME = siri;
			};
			name = Release;
		};
		71633E7D2007965E0080E405 /* Debug */ = {
			isa = XCBuildConfiguration;
			buildSettings = {
				CODE_SIGN_STYLE = Automatic;
				DEVELOPMENT_TEAM = SNDSRBSHQ5;
				INFOPLIST_FILE = sendMessageExtension/Info.plist;
				LD_RUNPATH_SEARCH_PATHS = "$(inherited) @executable_path/Frameworks @executable_path/../../Frameworks";
				PRODUCT_BUNDLE_IDENTIFIER = nl.mattle.siri.sendMessageExtension;
				PRODUCT_NAME = "$(TARGET_NAME)";
				SKIP_INSTALL = YES;
				SWIFT_VERSION = 4.0;
				TARGETED_DEVICE_FAMILY = "1,2";
			};
			name = Debug;
		};
		71633E7E2007965E0080E405 /* Release */ = {
			isa = XCBuildConfiguration;
			buildSettings = {
				CODE_SIGN_STYLE = Automatic;
				DEVELOPMENT_TEAM = SNDSRBSHQ5;
				INFOPLIST_FILE = sendMessageExtension/Info.plist;
				LD_RUNPATH_SEARCH_PATHS = "$(inherited) @executable_path/Frameworks @executable_path/../../Frameworks";
				PRODUCT_BUNDLE_IDENTIFIER = nl.mattle.siri.sendMessageExtension;
				PRODUCT_NAME = "$(TARGET_NAME)";
				SKIP_INSTALL = YES;
				SWIFT_VERSION = 4.0;
				TARGETED_DEVICE_FAMILY = "1,2";
			};
			name = Release;
		};
/* End XCBuildConfiguration section */

/* Begin XCConfigurationList section */
		71633E3A2007961F0080E405 /* Build configuration list for PBXProject "siri" */ = {
			isa = XCConfigurationList;
			buildConfigurations = (
				71633E65200796200080E405 /* Debug */,
				71633E66200796200080E405 /* Release */,
			);
			defaultConfigurationIsVisible = 0;
			defaultConfigurationName = Release;
		};
		71633E67200796200080E405 /* Build configuration list for PBXNativeTarget "siri" */ = {
			isa = XCConfigurationList;
			buildConfigurations = (
				71633E68200796200080E405 /* Debug */,
				71633E69200796200080E405 /* Release */,
			);
			defaultConfigurationIsVisible = 0;
			defaultConfigurationName = Release;
		};
		71633E6A200796200080E405 /* Build configuration list for PBXNativeTarget "siriTests" */ = {
			isa = XCConfigurationList;
			buildConfigurations = (
				71633E6B200796200080E405 /* Debug */,
				71633E6C200796200080E405 /* Release */,
			);
			defaultConfigurationIsVisible = 0;
			defaultConfigurationName = Release;
		};
		71633E6D200796200080E405 /* Build configuration list for PBXNativeTarget "siriUITests" */ = {
			isa = XCConfigurationList;
			buildConfigurations = (
				71633E6E200796200080E405 /* Debug */,
				71633E6F200796200080E405 /* Release */,
			);
			defaultConfigurationIsVisible = 0;
			defaultConfigurationName = Release;
		};
		71633E7C2007965E0080E405 /* Build configuration list for PBXNativeTarget "sendMessageExtension" */ = {
			isa = XCConfigurationList;
			buildConfigurations = (
				71633E7D2007965E0080E405 /* Debug */,
				71633E7E2007965E0080E405 /* Release */,
			);
			defaultConfigurationIsVisible = 0;
			defaultConfigurationName = Release;
		};
/* End XCConfigurationList section */
	};
	rootObject = 71633E372007961F0080E405 /* Project object */;
}
